
Microsoft Visual Studio Solution File, Format Version 12.00
# Visual Studio Version 17
VisualStudioVersion = 17.11.35327.3
MinimumVisualStudioVersion = 10.0.40219.1
Project("{9A19103F-16F7-4668-BE54-9A1E7A4F7556}") = "MoviesAPI", "MoviesAPI\MoviesAPI.csproj", "{D1DCD1B4-C210-4A17-B0CA-199EAC2C02AC}"
EndProject
Project("{9A19103F-16F7-4668-BE54-9A1E7A4F7556}") = "Repository", "..\..\My Work Easy\MyApplication\Repository\Repository.csproj", "{951D39D7-AADB-4BA0-A713-C4CA83D1232B}"
EndProject
Global
	GlobalSection(SolutionConfigurationPlatforms) = preSolution
		Debug|Any CPU = Debug|Any CPU
		Release|Any CPU = Release|Any CPU
	EndGlobalSection
	GlobalSection(ProjectConfigurationPlatforms) = postSolution
		{D1DCD1B4-C210-4A17-B0CA-199EAC2C02AC}.Debug|Any CPU.ActiveCfg = Debug|Any CPU
		{D1DCD1B4-C210-4A17-B0CA-199EAC2C02AC}.Debug|Any CPU.Build.0 = Debug|Any CPU
		{D1DCD1B4-C210-4A17-B0CA-199EAC2C02AC}.Release|Any CPU.ActiveCfg = Release|Any CPU
		{D1DCD1B4-C210-4A17-B0CA-199EAC2C02AC}.Release|Any CPU.Build.0 = Release|Any CPU
		{951D39D7-AADB-4BA0-A713-C4CA83D1232B}.Debug|Any CPU.ActiveCfg = Debug|Any CPU
		{951D39D7-AADB-4BA0-A713-C4CA83D1232B}.Debug|Any CPU.Build.0 = Debug|Any CPU
		{951D39D7-AADB-4BA0-A713-C4CA83D1232B}.Release|Any CPU.ActiveCfg = Release|Any CPU
		{951D39D7-AADB-4BA0-A713-C4CA83D1232B}.Release|Any CPU.Build.0 = Release|Any CPU
	EndGlobalSection
	GlobalSection(SolutionProperties) = preSolution
		HideSolutionNode = FALSE
	EndGlobalSection
	GlobalSection(ExtensibilityGlobals) = postSolution
		SolutionGuid = {B9A5475E-E52D-4C01-89A2-4F958359D99F}
	EndGlobalSection
EndGlobal
